github.com/google/go-cmp v0.5.9 h1:O2Tfq5qg4qc4AmwVlvv0oLiVAGB7enBSJ2x2DqQFi38=
github.com/google/go-cmp v0.5.9/go.mod h1:17dUlkBOakJ0+DkrSSNjCkIjxS6bF9zb3elmeNGIjoY=
github.com/m-mizutani/goerr/v2 v2.0.1 h1:Z0XZiliOcCw/qoPR8dEle0xMQw781UmvlySbDHErU2U=
github.com/m-mizutani/goerr/v2 v2.0.1/go.mod h1:Ax59zs+j3NmzB/mPLc1w3g4yIutdrwcY7cB6IRO18EU=
github.com/m-mizutani/gt v0.2.1 h1:mOl1PPIgEHoW2rQgqkfE31OGID06dO2uly8X8kvOEVY=
github.com/m-mizutani/gt v0.2.1/go.mod h1:0MPYSfGBLmYjTduzADVmIqD58ELQ5IfBFiK/f0FmB3k=
